<Solution>
  <Project Path="Application/Application.csproj" />
  <Project Path="Category_form/Category_form.csproj" Id="3892e3a7-f722-479b-acc4-ac5dd8a6398a" />
  <Project Path="Domain/Domain.csproj" />
  <Project Path="Infrastructure/Infrastructure.csproj" />
  <Project Path="Presentation/Presentation.csproj" />
</Solution>
